
Microsoft Visual Studio Solution File, Format Version 12.00
# Visual Studio 15
VisualStudioVersion = 15.0.28010.2048
MinimumVisualStudioVersion = 10.0.40219.1
Project("{FAE04EC0-301F-11D3-BF4B-00C04F79EFBC}") = "ConsoleApp1", "ConsoleApp1\ConsoleApp1.csproj", "{6BCECD1F-1094-4C29-82F2-538621D280B5}"
EndProject
Global
	GlobalSection(SolutionConfigurationPlatforms) = preSolution
		Debug|Any CPU = Debug|Any CPU
		Release|Any CPU = Release|Any CPU
	EndGlobalSection
	GlobalSection(ProjectConfigurationPlatforms) = postSolution
		{6BCECD1F-1094-4C29-82F2-538621D280B5}.Debug|Any CPU.ActiveCfg = Debug|Any CPU
		{6BCECD1F-1094-4C29-82F2-538621D280B5}.Debug|Any CPU.Build.0 = Debug|Any CPU
		{6BCECD1F-1094-4C29-82F2-538621D280B5}.Release|Any CPU.ActiveCfg = Release|Any CPU
		{6BCECD1F-1094-4C29-82F2-538621D280B5}.Release|Any CPU.Build.0 = Release|Any CPU
	EndGlobalSection
	GlobalSection(SolutionProperties) = preSolution
		HideSolutionNode = FALSE
	EndGlobalSection
	GlobalSection(ExtensibilityGlobals) = postSolution
		SolutionGuid = {C4568C03-3AED-4DC7-9549-E55F4B3B04CF}
	EndGlobalSection
EndGlobal
